
Microsoft Visual Studio Solution File, Format Version 12.00
# Visual Studio 15
VisualStudioVersion = 15.0.28307.168
MinimumVisualStudioVersion = 10.0.40219.1
Project("{FAE04EC0-301F-11D3-BF4B-00C04F79EFBC}") = "Task01", "Task01\Task01.csproj", "{B2EF4E31-77FF-44D5-BD2C-4A483DF26460}"
EndProject
Project("{FAE04EC0-301F-11D3-BF4B-00C04F79EFBC}") = "User-defined exceptions", "User-defined exceptions\User-defined exceptions.csproj", "{E9459ADD-3B02-40E7-B9BC-EE67C6B1AAA5}"
EndProject
Global
	GlobalSection(SolutionConfigurationPlatforms) = preSolution
		Debug|Any CPU = Debug|Any CPU
		Release|Any CPU = Release|Any CPU
	EndGlobalSection
	GlobalSection(ProjectConfigurationPlatforms) = postSolution
		{B2EF4E31-77FF-44D5-BD2C-4A483DF26460}.Debug|Any CPU.ActiveCfg = Debug|Any CPU
		{B2EF4E31-77FF-44D5-BD2C-4A483DF26460}.Debug|Any CPU.Build.0 = Debug|Any CPU
		{B2EF4E31-77FF-44D5-BD2C-4A483DF26460}.Release|Any CPU.ActiveCfg = Release|Any CPU
		{B2EF4E31-77FF-44D5-BD2C-4A483DF26460}.Release|Any CPU.Build.0 = Release|Any CPU
		{E9459ADD-3B02-40E7-B9BC-EE67C6B1AAA5}.Debug|Any CPU.ActiveCfg = Debug|Any CPU
		{E9459ADD-3B02-40E7-B9BC-EE67C6B1AAA5}.Debug|Any CPU.Build.0 = Debug|Any CPU
		{E9459ADD-3B02-40E7-B9BC-EE67C6B1AAA5}.Release|Any CPU.ActiveCfg = Release|Any CPU
		{E9459ADD-3B02-40E7-B9BC-EE67C6B1AAA5}.Release|Any CPU.Build.0 = Release|Any CPU
	EndGlobalSection
	GlobalSection(SolutionProperties) = preSolution
		HideSolutionNode = FALSE
	EndGlobalSection
	GlobalSection(ExtensibilityGlobals) = postSolution
		SolutionGuid = {1F8FBC7C-31EA-4661-B62A-4101EEF0F268}
	EndGlobalSection
EndGlobal
