
Microsoft Visual Studio Solution File, Format Version 12.00
# Visual Studio 15
VisualStudioVersion = 15.0.28307.168
MinimumVisualStudioVersion = 10.0.40219.1
Project("{FAE04EC0-301F-11D3-BF4B-00C04F79EFBC}") = "Task01", "Task01\Task01.csproj", "{14302052-74FF-46C6-BB46-FA0F876F8377}"
EndProject
Project("{FAE04EC0-301F-11D3-BF4B-00C04F79EFBC}") = "ClassLibrary", "ClassLibrary\ClassLibrary.csproj", "{C4D9B0EE-F67E-4C87-ADBC-78A370F65ABF}"
EndProject
Project("{FAE04EC0-301F-11D3-BF4B-00C04F79EFBC}") = "Task02", "Task02\Task02.csproj", "{602E7BB5-41C3-4534-B7C8-CA7A1DBF41D3}"
EndProject
Global
	GlobalSection(SolutionConfigurationPlatforms) = preSolution
		Debug|Any CPU = Debug|Any CPU
		Release|Any CPU = Release|Any CPU
	EndGlobalSection
	GlobalSection(ProjectConfigurationPlatforms) = postSolution
		{14302052-74FF-46C6-BB46-FA0F876F8377}.Debug|Any CPU.ActiveCfg = Debug|Any CPU
		{14302052-74FF-46C6-BB46-FA0F876F8377}.Debug|Any CPU.Build.0 = Debug|Any CPU
		{14302052-74FF-46C6-BB46-FA0F876F8377}.Release|Any CPU.ActiveCfg = Release|Any CPU
		{14302052-74FF-46C6-BB46-FA0F876F8377}.Release|Any CPU.Build.0 = Release|Any CPU
		{C4D9B0EE-F67E-4C87-ADBC-78A370F65ABF}.Debug|Any CPU.ActiveCfg = Debug|Any CPU
		{C4D9B0EE-F67E-4C87-ADBC-78A370F65ABF}.Debug|Any CPU.Build.0 = Debug|Any CPU
		{C4D9B0EE-F67E-4C87-ADBC-78A370F65ABF}.Release|Any CPU.ActiveCfg = Release|Any CPU
		{C4D9B0EE-F67E-4C87-ADBC-78A370F65ABF}.Release|Any CPU.Build.0 = Release|Any CPU
		{602E7BB5-41C3-4534-B7C8-CA7A1DBF41D3}.Debug|Any CPU.ActiveCfg = Debug|Any CPU
		{602E7BB5-41C3-4534-B7C8-CA7A1DBF41D3}.Debug|Any CPU.Build.0 = Debug|Any CPU
		{602E7BB5-41C3-4534-B7C8-CA7A1DBF41D3}.Release|Any CPU.ActiveCfg = Release|Any CPU
		{602E7BB5-41C3-4534-B7C8-CA7A1DBF41D3}.Release|Any CPU.Build.0 = Release|Any CPU
	EndGlobalSection
	GlobalSection(SolutionProperties) = preSolution
		HideSolutionNode = FALSE
	EndGlobalSection
	GlobalSection(ExtensibilityGlobals) = postSolution
		SolutionGuid = {5B0A68DB-0067-4040-9840-DA1C609192DF}
	EndGlobalSection
EndGlobal
